
Microsoft Visual Studio Solution File, Format Version 12.00
# Visual Studio 15
VisualStudioVersion = 15.0.28307.168
MinimumVisualStudioVersion = 10.0.40219.1
Project("{9A19103F-16F7-4668-BE54-9A1E7A4F7556}") = "namespace2xml", "namespace2xml\namespace2xml.csproj", "{EADE0CB3-0332-4FE5-AB2E-9EC6D8730BBB}"
EndProject
Project("{FAE04EC0-301F-11D3-BF4B-00C04F79EFBC}") = "namespace2xml.tests", "namespace2xml.tests\namespace2xml.tests.csproj", "{65437D39-D0C7-4EA7-9612-4D115FBE8905}"
EndProject
Global
	GlobalSection(SolutionConfigurationPlatforms) = preSolution
		Debug|Any CPU = Debug|Any CPU
		Release|Any CPU = Release|Any CPU
	EndGlobalSection
	GlobalSection(ProjectConfigurationPlatforms) = postSolution
		{EADE0CB3-0332-4FE5-AB2E-9EC6D8730BBB}.Debug|Any CPU.ActiveCfg = Debug|Any CPU
		{EADE0CB3-0332-4FE5-AB2E-9EC6D8730BBB}.Debug|Any CPU.Build.0 = Debug|Any CPU
		{EADE0CB3-0332-4FE5-AB2E-9EC6D8730BBB}.Release|Any CPU.ActiveCfg = Release|Any CPU
		{EADE0CB3-0332-4FE5-AB2E-9EC6D8730BBB}.Release|Any CPU.Build.0 = Release|Any CPU
		{65437D39-D0C7-4EA7-9612-4D115FBE8905}.Debug|Any CPU.ActiveCfg = Debug|Any CPU
		{65437D39-D0C7-4EA7-9612-4D115FBE8905}.Debug|Any CPU.Build.0 = Debug|Any CPU
		{65437D39-D0C7-4EA7-9612-4D115FBE8905}.Release|Any CPU.ActiveCfg = Release|Any CPU
		{65437D39-D0C7-4EA7-9612-4D115FBE8905}.Release|Any CPU.Build.0 = Release|Any CPU
	EndGlobalSection
	GlobalSection(SolutionProperties) = preSolution
		HideSolutionNode = FALSE
	EndGlobalSection
	GlobalSection(ExtensibilityGlobals) = postSolution
		SolutionGuid = {A41BFC52-5BAB-445D-AB48-C5EA3862E6D6}
	EndGlobalSection
EndGlobal
