
Microsoft Visual Studio Solution File, Format Version 12.00
# Visual Studio 15
VisualStudioVersion = 15.0.28307.168
MinimumVisualStudioVersion = 10.0.40219.1
Project("{FAE04EC0-301F-11D3-BF4B-00C04F79EFBC}") = "namespace2xml", "namespace2xml\namespace2xml.csproj", "{9879F207-E362-4E93-AD89-520A7C62B71C}"
EndProject
Global
	GlobalSection(SolutionConfigurationPlatforms) = preSolution
		Debug|Any CPU = Debug|Any CPU
		Release|Any CPU = Release|Any CPU
	EndGlobalSection
	GlobalSection(ProjectConfigurationPlatforms) = postSolution
		{9879F207-E362-4E93-AD89-520A7C62B71C}.Debug|Any CPU.ActiveCfg = Debug|Any CPU
		{9879F207-E362-4E93-AD89-520A7C62B71C}.Debug|Any CPU.Build.0 = Debug|Any CPU
		{9879F207-E362-4E93-AD89-520A7C62B71C}.Release|Any CPU.ActiveCfg = Release|Any CPU
		{9879F207-E362-4E93-AD89-520A7C62B71C}.Release|Any CPU.Build.0 = Release|Any CPU
	EndGlobalSection
	GlobalSection(SolutionProperties) = preSolution
		HideSolutionNode = FALSE
	EndGlobalSection
	GlobalSection(ExtensibilityGlobals) = postSolution
		SolutionGuid = {FE586E32-2EEA-4C2A-A0BA-7A4E31E52EF7}
	EndGlobalSection
EndGlobal
